
Microsoft Visual Studio Solution File, Format Version 12.00
# Visual Studio 15
VisualStudioVersion = 15.0.28010.2036
MinimumVisualStudioVersion = 10.0.40219.1
Project("{FAE04EC0-301F-11D3-BF4B-00C04F79EFBC}") = "iCoinSoftTest.Tests", "iCoinSoftTest.Tests\iCoinSoftTest.Tests.csproj", "{BCEC72E5-4362-41B0-B495-D36C7EDCE081}"
EndProject
Global
	GlobalSection(SolutionConfigurationPlatforms) = preSolution
		Debug|Any CPU = Debug|Any CPU
		Release|Any CPU = Release|Any CPU
	EndGlobalSection
	GlobalSection(ProjectConfigurationPlatforms) = postSolution
		{BCEC72E5-4362-41B0-B495-D36C7EDCE081}.Debug|Any CPU.ActiveCfg = Debug|Any CPU
		{BCEC72E5-4362-41B0-B495-D36C7EDCE081}.Debug|Any CPU.Build.0 = Debug|Any CPU
		{BCEC72E5-4362-41B0-B495-D36C7EDCE081}.Release|Any CPU.ActiveCfg = Release|Any CPU
		{BCEC72E5-4362-41B0-B495-D36C7EDCE081}.Release|Any CPU.Build.0 = Release|Any CPU
	EndGlobalSection
	GlobalSection(SolutionProperties) = preSolution
		HideSolutionNode = FALSE
	EndGlobalSection
	GlobalSection(ExtensibilityGlobals) = postSolution
		SolutionGuid = {E4905352-78A5-448D-9911-D3478B9D2AA8}
	EndGlobalSection
EndGlobal
